
Microsoft Visual Studio Solution File, Format Version 12.00
# Visual Studio Version 17
VisualStudioVersion = 17.14.36518.9 d17.14
MinimumVisualStudioVersion = 10.0.40219.1
Project("{FAE04EC0-301F-11D3-BF4B-00C04F79EFBC}") = "BTH17", "BTH17\BTH17.csproj", "{2690DE8A-59EA-4780-BD36-C0CF5EA9122A}"
EndProject
Global
	GlobalSection(SolutionConfigurationPlatforms) = preSolution
		Debug|Any CPU = Debug|Any CPU
		Release|Any CPU = Release|Any CPU
	EndGlobalSection
	GlobalSection(ProjectConfigurationPlatforms) = postSolution
		{2690DE8A-59EA-4780-BD36-C0CF5EA9122A}.Debug|Any CPU.ActiveCfg = Debug|Any CPU
		{2690DE8A-59EA-4780-BD36-C0CF5EA9122A}.Debug|Any CPU.Build.0 = Debug|Any CPU
		{2690DE8A-59EA-4780-BD36-C0CF5EA9122A}.Release|Any CPU.ActiveCfg = Release|Any CPU
		{2690DE8A-59EA-4780-BD36-C0CF5EA9122A}.Release|Any CPU.Build.0 = Release|Any CPU
	EndGlobalSection
	GlobalSection(SolutionProperties) = preSolution
		HideSolutionNode = FALSE
	EndGlobalSection
	GlobalSection(ExtensibilityGlobals) = postSolution
		SolutionGuid = {E87AB1CA-7D35-4E12-86DA-02359550B347}
	EndGlobalSection
EndGlobal
