
Microsoft Visual Studio Solution File, Format Version 12.00
# Visual Studio Version 17
VisualStudioVersion = 17.14.36518.9
MinimumVisualStudioVersion = 10.0.40219.1
Project("{FAE04EC0-301F-11D3-BF4B-00C04F79EFBC}") = "WinFormsWarehouseManager", "WinFormsWarehouseManager\WinFormsWarehouseManager.csproj", "{D3CA67D2-0EA3-48DF-829A-A838391FFFF3}"
EndProject
Project("{2150E333-8FDC-42A3-9474-1A3956D46DE8}") = ".nuget", ".nuget", "{02EA681E-C7D8-13C7-8484-4AC65E1B71E8}"
	ProjectSection(SolutionItems) = preProject
		.nuget\PackMe.ps1 = .nuget\PackMe.ps1
		.nuget\PowerPack.psm1 = .nuget\PowerPack.psm1
	EndProjectSection
EndProject
Global
	GlobalSection(SolutionConfigurationPlatforms) = preSolution
		Debug|Any CPU = Debug|Any CPU
		Debug|x86 = Debug|x86
		Release|Any CPU = Release|Any CPU
		Release|x86 = Release|x86
	EndGlobalSection
	GlobalSection(ProjectConfigurationPlatforms) = postSolution
		{D3CA67D2-0EA3-48DF-829A-A838391FFFF3}.Debug|Any CPU.ActiveCfg = Debug|Any CPU
		{D3CA67D2-0EA3-48DF-829A-A838391FFFF3}.Debug|Any CPU.Build.0 = Debug|Any CPU
		{D3CA67D2-0EA3-48DF-829A-A838391FFFF3}.Debug|x86.ActiveCfg = Debug|x86
		{D3CA67D2-0EA3-48DF-829A-A838391FFFF3}.Debug|x86.Build.0 = Debug|x86
		{D3CA67D2-0EA3-48DF-829A-A838391FFFF3}.Release|Any CPU.ActiveCfg = Release|Any CPU
		{D3CA67D2-0EA3-48DF-829A-A838391FFFF3}.Release|Any CPU.Build.0 = Release|Any CPU
		{D3CA67D2-0EA3-48DF-829A-A838391FFFF3}.Release|x86.ActiveCfg = Release|x86
		{D3CA67D2-0EA3-48DF-829A-A838391FFFF3}.Release|x86.Build.0 = Release|x86
	EndGlobalSection
	GlobalSection(SolutionProperties) = preSolution
		HideSolutionNode = FALSE
	EndGlobalSection
	GlobalSection(ExtensibilityGlobals) = postSolution
		SolutionGuid = {80530D8B-97CD-410B-8CC5-F57F2817E907}
	EndGlobalSection
EndGlobal
